// !$*UTF8*$!
{
	archiveVersion = 1;
	classes = {
	};
	objectVersion = 46;
	objects = {

/* Begin PBXBuildFile section */
		231B23901EE6BEDA004C3221 /* AddBookViewController.swift in Sources */ = {isa = PBXBuildFile; fileRef = 231B238F1EE6BEDA004C3221 /* AddBookViewController.swift */; };
		231B23921EE6BF03004C3221 /* EditBookViewController.swift in Sources */ = {isa = PBXBuildFile; fileRef = 231B23911EE6BF03004C3221 /* EditBookViewController.swift */; };
		231B69A31EEA8017006F2CBD /* DatePickerHelper.swift in Sources */ = {isa = PBXBuildFile; fileRef = 231B69A11EEA8017006F2CBD /* DatePickerHelper.swift */; };
		231B69A41EEA8017006F2CBD /* FileAttachHelper.swift in Sources */ = {isa = PBXBuildFile; fileRef = 231B69A21EEA8017006F2CBD /* FileAttachHelper.swift */; };
		2328F5641EEE2AA800FA0A62 /* APIKit.framework in Frameworks */ = {isa = PBXBuildFile; fileRef = 2328F5631EEE2AA800FA0A62 /* APIKit.framework */; };
		2328F5661EEE2AB100FA0A62 /* Result.framework in Frameworks */ = {isa = PBXBuildFile; fileRef = 2328F5651EEE2AB100FA0A62 /* Result.framework */; };
		2328F5681EEE2AB500FA0A62 /* Himotoki.framework in Frameworks */ = {isa = PBXBuildFile; fileRef = 2328F5671EEE2AB500FA0A62 /* Himotoki.framework */; };
		2328F56A1EEE2AC100FA0A62 /* Kingfisher.framework in Frameworks */ = {isa = PBXBuildFile; fileRef = 2328F5691EEE2AC100FA0A62 /* Kingfisher.framework */; };
		2328F5981EEE3F5000FA0A62 /* Rswift.framework in Frameworks */ = {isa = PBXBuildFile; fileRef = 2328F5971EEE3F5000FA0A62 /* Rswift.framework */; };
		2328F59B1EEE402A00FA0A62 /* R.generated.swift in Sources */ = {isa = PBXBuildFile; fileRef = 2328F59A1EEE402A00FA0A62 /* R.generated.swift */; };
		2328F5AE1EEEA1C300FA0A62 /* Const.swift in Sources */ = {isa = PBXBuildFile; fileRef = 2328F5AD1EEEA1C300FA0A62 /* Const.swift */; };
		233EFCC51EEF8B0B00EEB8A7 /* UIControlExtention.swift in Sources */ = {isa = PBXBuildFile; fileRef = 233EFCC41EEF8B0B00EEB8A7 /* UIControlExtention.swift */; };
		233EFCCF1EEFC10F00EEB8A7 /* FileAttachable.swift in Sources */ = {isa = PBXBuildFile; fileRef = 233EFCCE1EEFC10F00EEB8A7 /* FileAttachable.swift */; };
		233EFCD41EEFC51C00EEB8A7 /* Localizable.strings in Resources */ = {isa = PBXBuildFile; fileRef = 233EFCD21EEFC51C00EEB8A7 /* Localizable.strings */; };
		235B0DA91EE66D510007BB69 /* Book.swift in Sources */ = {isa = PBXBuildFile; fileRef = 235B0DA81EE66D510007BB69 /* Book.swift */; };
		235B0DAC1EE673700007BB69 /* BookTableViewCell.swift in Sources */ = {isa = PBXBuildFile; fileRef = 235B0DAB1EE673700007BB69 /* BookTableViewCell.swift */; };
		23CAD1D11EE9346100C27108 /* TabViewController.swift in Sources */ = {isa = PBXBuildFile; fileRef = 23CAD1D01EE9346100C27108 /* TabViewController.swift */; };
		23EB3D881EE4FF140038B49C /* AppDelegate.swift in Sources */ = {isa = PBXBuildFile; fileRef = 23EB3D871EE4FF140038B49C /* AppDelegate.swift */; };
		23EB3D8A1EE4FF140038B49C /* LoginViewController.swift in Sources */ = {isa = PBXBuildFile; fileRef = 23EB3D891EE4FF140038B49C /* LoginViewController.swift */; };
		23EB3D8D1EE4FF140038B49C /* Main.storyboard in Resources */ = {isa = PBXBuildFile; fileRef = 23EB3D8B1EE4FF140038B49C /* Main.storyboard */; };
		23EB3D8F1EE4FF140038B49C /* Assets.xcassets in Resources */ = {isa = PBXBuildFile; fileRef = 23EB3D8E1EE4FF140038B49C /* Assets.xcassets */; };
		23EB3D921EE4FF140038B49C /* LaunchScreen.storyboard in Resources */ = {isa = PBXBuildFile; fileRef = 23EB3D901EE4FF140038B49C /* LaunchScreen.storyboard */; };
		23EB3D9A1EE50C740038B49C /* ListBooksViewController.swift in Sources */ = {isa = PBXBuildFile; fileRef = 23EB3D991EE50C740038B49C /* ListBooksViewController.swift */; };
		23EB3E961EE5562E0038B49C /* SettingViewController.swift in Sources */ = {isa = PBXBuildFile; fileRef = 23EB3E951EE5562E0038B49C /* SettingViewController.swift */; };
		23EB3E981EE5574D0038B49C /* AccountViewController.swift in Sources */ = {isa = PBXBuildFile; fileRef = 23EB3E971EE5574D0038B49C /* AccountViewController.swift */; };
/* End PBXBuildFile section */

/* Begin PBXFileReference section */
		231B238F1EE6BEDA004C3221 /* AddBookViewController.swift */ = {isa = PBXFileReference; fileEncoding = 4; lastKnownFileType = sourcecode.swift; path = AddBookViewController.swift; sourceTree = "<group>"; };
		231B23911EE6BF03004C3221 /* EditBookViewController.swift */ = {isa = PBXFileReference; fileEncoding = 4; lastKnownFileType = sourcecode.swift; path = EditBookViewController.swift; sourceTree = "<group>"; };
		231B69A11EEA8017006F2CBD /* DatePickerHelper.swift */ = {isa = PBXFileReference; fileEncoding = 4; lastKnownFileType = sourcecode.swift; path = DatePickerHelper.swift; sourceTree = "<group>"; };
		231B69A21EEA8017006F2CBD /* FileAttachHelper.swift */ = {isa = PBXFileReference; fileEncoding = 4; lastKnownFileType = sourcecode.swift; path = FileAttachHelper.swift; sourceTree = "<group>"; };
		2328F5631EEE2AA800FA0A62 /* APIKit.framework */ = {isa = PBXFileReference; lastKnownFileType = wrapper.framework; name = APIKit.framework; path = Carthage/Build/iOS/APIKit.framework; sourceTree = "<group>"; };
		2328F5651EEE2AB100FA0A62 /* Result.framework */ = {isa = PBXFileReference; lastKnownFileType = wrapper.framework; name = Result.framework; path = Carthage/Build/iOS/Result.framework; sourceTree = "<group>"; };
		2328F5671EEE2AB500FA0A62 /* Himotoki.framework */ = {isa = PBXFileReference; lastKnownFileType = wrapper.framework; name = Himotoki.framework; path = Carthage/Build/iOS/Himotoki.framework; sourceTree = "<group>"; };
		2328F5691EEE2AC100FA0A62 /* Kingfisher.framework */ = {isa = PBXFileReference; lastKnownFileType = wrapper.framework; name = Kingfisher.framework; path = Carthage/Build/iOS/Kingfisher.framework; sourceTree = "<group>"; };
		2328F5971EEE3F5000FA0A62 /* Rswift.framework */ = {isa = PBXFileReference; lastKnownFileType = wrapper.framework; name = Rswift.framework; path = Carthage/Build/iOS/Rswift.framework; sourceTree = "<group>"; };
		2328F59A1EEE402A00FA0A62 /* R.generated.swift */ = {isa = PBXFileReference; fileEncoding = 4; lastKnownFileType = sourcecode.swift; path = R.generated.swift; sourceTree = "<group>"; };
		2328F5AD1EEEA1C300FA0A62 /* Const.swift */ = {isa = PBXFileReference; fileEncoding = 4; lastKnownFileType = sourcecode.swift; path = Const.swift; sourceTree = "<group>"; };
		233EFCC41EEF8B0B00EEB8A7 /* UIControlExtention.swift */ = {isa = PBXFileReference; fileEncoding = 4; lastKnownFileType = sourcecode.swift; path = UIControlExtention.swift; sourceTree = "<group>"; };
		233EFCCE1EEFC10F00EEB8A7 /* FileAttachable.swift */ = {isa = PBXFileReference; fileEncoding = 4; lastKnownFileType = sourcecode.swift; path = FileAttachable.swift; sourceTree = "<group>"; };
		233EFCD01EEFC48200EEB8A7 /* ja */ = {isa = PBXFileReference; lastKnownFileType = text.plist.strings; name = ja; path = ja.lproj/Main.strings; sourceTree = "<group>"; };
		233EFCD11EEFC48200EEB8A7 /* ja */ = {isa = PBXFileReference; lastKnownFileType = text.plist.strings; name = ja; path = ja.lproj/LaunchScreen.strings; sourceTree = "<group>"; };
		233EFCD31EEFC51C00EEB8A7 /* Base */ = {isa = PBXFileReference; lastKnownFileType = text.plist.strings; name = Base; path = BookManager/Base.lproj/Localizable.strings; sourceTree = "<group>"; };
		233EFCD51EEFC85500EEB8A7 /* ja */ = {isa = PBXFileReference; lastKnownFileType = text.plist.strings; name = ja; path = BookManager/ja.lproj/Localizable.strings; sourceTree = "<group>"; };
		235B0DA81EE66D510007BB69 /* Book.swift */ = {isa = PBXFileReference; fileEncoding = 4; lastKnownFileType = sourcecode.swift; path = Book.swift; sourceTree = "<group>"; };
		235B0DAB1EE673700007BB69 /* BookTableViewCell.swift */ = {isa = PBXFileReference; fileEncoding = 4; lastKnownFileType = sourcecode.swift; path = BookTableViewCell.swift; sourceTree = "<group>"; };
		23CAD1D01EE9346100C27108 /* TabViewController.swift */ = {isa = PBXFileReference; fileEncoding = 4; lastKnownFileType = sourcecode.swift; path = TabViewController.swift; sourceTree = "<group>"; };
		23EB3D841EE4FF140038B49C /* BookManager.app */ = {isa = PBXFileReference; explicitFileType = wrapper.application; includeInIndex = 0; path = BookManager.app; sourceTree = BUILT_PRODUCTS_DIR; };
		23EB3D871EE4FF140038B49C /* AppDelegate.swift */ = {isa = PBXFileReference; lastKnownFileType = sourcecode.swift; path = AppDelegate.swift; sourceTree = "<group>"; };
		23EB3D891EE4FF140038B49C /* LoginViewController.swift */ = {isa = PBXFileReference; lastKnownFileType = sourcecode.swift; path = LoginViewController.swift; sourceTree = "<group>"; };
		23EB3D8C1EE4FF140038B49C /* Base */ = {isa = PBXFileReference; lastKnownFileType = file.storyboard; name = Base; path = Base.lproj/Main.storyboard; sourceTree = "<group>"; };
		23EB3D8E1EE4FF140038B49C /* Assets.xcassets */ = {isa = PBXFileReference; lastKnownFileType = folder.assetcatalog; path = Assets.xcassets; sourceTree = "<group>"; };
		23EB3D911EE4FF140038B49C /* Base */ = {isa = PBXFileReference; lastKnownFileType = file.storyboard; name = Base; path = Base.lproj/LaunchScreen.storyboard; sourceTree = "<group>"; };
		23EB3D931EE4FF140038B49C /* Info.plist */ = {isa = PBXFileReference; lastKnownFileType = text.plist.xml; path = Info.plist; sourceTree = "<group>"; };
		23EB3D991EE50C740038B49C /* ListBooksViewController.swift */ = {isa = PBXFileReference; fileEncoding = 4; lastKnownFileType = sourcecode.swift; path = ListBooksViewController.swift; sourceTree = "<group>"; };
		23EB3E951EE5562E0038B49C /* SettingViewController.swift */ = {isa = PBXFileReference; fileEncoding = 4; lastKnownFileType = sourcecode.swift; path = SettingViewController.swift; sourceTree = "<group>"; };
		23EB3E971EE5574D0038B49C /* AccountViewController.swift */ = {isa = PBXFileReference; fileEncoding = 4; lastKnownFileType = sourcecode.swift; path = AccountViewController.swift; sourceTree = "<group>"; };
/* End PBXFileReference section */

/* Begin PBXFrameworksBuildPhase section */
		23EB3D811EE4FF140038B49C /* Frameworks */ = {
			isa = PBXFrameworksBuildPhase;
			buildActionMask = 2147483647;
			files = (
				2328F5641EEE2AA800FA0A62 /* APIKit.framework in Frameworks */,
				2328F5661EEE2AB100FA0A62 /* Result.framework in Frameworks */,
				2328F5681EEE2AB500FA0A62 /* Himotoki.framework in Frameworks */,
				2328F56A1EEE2AC100FA0A62 /* Kingfisher.framework in Frameworks */,
				2328F5981EEE3F5000FA0A62 /* Rswift.framework in Frameworks */,
			);
			runOnlyForDeploymentPostprocessing = 0;
		};
/* End PBXFrameworksBuildPhase section */

/* Begin PBXGroup section */
		231B69A01EEA8017006F2CBD /* Utility */ = {
			isa = PBXGroup;
			children = (
				231B69A11EEA8017006F2CBD /* DatePickerHelper.swift */,
				231B69A21EEA8017006F2CBD /* FileAttachHelper.swift */,
				2328F5AD1EEEA1C300FA0A62 /* Const.swift */,
				233EFCC41EEF8B0B00EEB8A7 /* UIControlExtention.swift */,
			);
			path = Utility;
			sourceTree = "<group>";
		};
		2328F5621EEE2AA800FA0A62 /* Frameworks */ = {
			isa = PBXGroup;
			children = (
				2328F5971EEE3F5000FA0A62 /* Rswift.framework */,
				2328F5691EEE2AC100FA0A62 /* Kingfisher.framework */,
				2328F5671EEE2AB500FA0A62 /* Himotoki.framework */,
				2328F5651EEE2AB100FA0A62 /* Result.framework */,
				2328F5631EEE2AA800FA0A62 /* APIKit.framework */,
			);
			name = Frameworks;
			sourceTree = "<group>";
		};
		23EB3D7B1EE4FF140038B49C = {
			isa = PBXGroup;
			children = (
				2328F59A1EEE402A00FA0A62 /* R.generated.swift */,
				23EB3D861EE4FF140038B49C /* BookManager */,
				23EB3D851EE4FF140038B49C /* Products */,
				2328F5621EEE2AA800FA0A62 /* Frameworks */,
			);
			sourceTree = "<group>";
		};
		23EB3D851EE4FF140038B49C /* Products */ = {
			isa = PBXGroup;
			children = (
				23EB3D841EE4FF140038B49C /* BookManager.app */,
			);
			name = Products;
			sourceTree = "<group>";
		};
		23EB3D861EE4FF140038B49C /* BookManager */ = {
			isa = PBXGroup;
			children = (
				231B69A01EEA8017006F2CBD /* Utility */,
				23EB3D871EE4FF140038B49C /* AppDelegate.swift */,
				23EB3D891EE4FF140038B49C /* LoginViewController.swift */,
				23CAD1D01EE9346100C27108 /* TabViewController.swift */,
				231B238F1EE6BEDA004C3221 /* AddBookViewController.swift */,
				231B23911EE6BF03004C3221 /* EditBookViewController.swift */,
				23EB3D991EE50C740038B49C /* ListBooksViewController.swift */,
				23EB3E951EE5562E0038B49C /* SettingViewController.swift */,
				23EB3E971EE5574D0038B49C /* AccountViewController.swift */,
				235B0DAB1EE673700007BB69 /* BookTableViewCell.swift */,
				235B0DA81EE66D510007BB69 /* Book.swift */,
				233EFCCE1EEFC10F00EEB8A7 /* FileAttachable.swift */,
				23EB3D8B1EE4FF140038B49C /* Main.storyboard */,
				23EB3D8E1EE4FF140038B49C /* Assets.xcassets */,
				23EB3D901EE4FF140038B49C /* LaunchScreen.storyboard */,
				23EB3D931EE4FF140038B49C /* Info.plist */,
				233EFCD21EEFC51C00EEB8A7 /* Localizable.strings */,
			);
			path = BookManager;
			sourceTree = "<group>";
		};
/* End PBXGroup section */

/* Begin PBXNativeTarget section */
		23EB3D831EE4FF140038B49C /* BookManager */ = {
			isa = PBXNativeTarget;
			buildConfigurationList = 23EB3D961EE4FF140038B49C /* Build configuration list for PBXNativeTarget "BookManager" */;
			buildPhases = (
				2328F5991EEE3FA600FA0A62 /* RSwift Run Script */,
				23EB3D801EE4FF140038B49C /* Sources */,
				23EB3D811EE4FF140038B49C /* Frameworks */,
				23EB3D821EE4FF140038B49C /* Resources */,
				23895AAD1EE69422008EDD29 /* SwiftLint Run Script */,
				2328F56B1EEE2B0B00FA0A62 /* Framework Run Script */,
			);
			buildRules = (
			);
			dependencies = (
			);
			name = BookManager;
			productName = BookManager;
			productReference = 23EB3D841EE4FF140038B49C /* BookManager.app */;
			productType = "com.apple.product-type.application";
		};
/* End PBXNativeTarget section */

/* Begin PBXProject section */
		23EB3D7C1EE4FF140038B49C /* Project object */ = {
			isa = PBXProject;
			attributes = {
				LastSwiftUpdateCheck = 0830;
				LastUpgradeCheck = 0830;
				ORGANIZATIONNAME = "hatamoto kanji";
				TargetAttributes = {
					23EB3D831EE4FF140038B49C = {
						CreatedOnToolsVersion = 8.3.2;
						DevelopmentTeam = 9FRH8X6ZFY;
						ProvisioningStyle = Automatic;
					};
				};
			};
			buildConfigurationList = 23EB3D7F1EE4FF140038B49C /* Build configuration list for PBXProject "BookManager" */;
			compatibilityVersion = "Xcode 3.2";
			developmentRegion = English;
			hasScannedForEncodings = 0;
			knownRegions = (
				en,
				Base,
				ja,
			);
			mainGroup = 23EB3D7B1EE4FF140038B49C;
			productRefGroup = 23EB3D851EE4FF140038B49C /* Products */;
			projectDirPath = "";
			projectRoot = "";
			targets = (
				23EB3D831EE4FF140038B49C /* BookManager */,
			);
		};
/* End PBXProject section */

/* Begin PBXResourcesBuildPhase section */
		23EB3D821EE4FF140038B49C /* Resources */ = {
			isa = PBXResourcesBuildPhase;
			buildActionMask = 2147483647;
			files = (
				23EB3D921EE4FF140038B49C /* LaunchScreen.storyboard in Resources */,
				233EFCD41EEFC51C00EEB8A7 /* Localizable.strings in Resources */,
				23EB3D8F1EE4FF140038B49C /* Assets.xcassets in Resources */,
				23EB3D8D1EE4FF140038B49C /* Main.storyboard in Resources */,
			);
			runOnlyForDeploymentPostprocessing = 0;
		};
/* End PBXResourcesBuildPhase section */

/* Begin PBXShellScriptBuildPhase section */
		2328F56B1EEE2B0B00FA0A62 /* Framework Run Script */ = {
			isa = PBXShellScriptBuildPhase;
			buildActionMask = 2147483647;
			files = (
			);
			inputPaths = (
				"$(SRCROOT)/Carthage/Build/iOS/APIKit.framework",
				"$(SRCROOT)/Carthage/Build/iOS/Result.framework",
				"$(SRCROOT)/Carthage/Build/iOS/Himotoki.framework",
				"$(SRCROOT)/Carthage/Build/iOS/Kingfisher.framework",
				"$(SRCROOT)/Carthage/Build/iOS/Rswift.framework",
			);
			name = "Framework Run Script";
			outputPaths = (
			);
			runOnlyForDeploymentPostprocessing = 0;
			shellPath = /bin/sh;
			shellScript = "/usr/local/bin/carthage copy-frameworks";
		};
		2328F5991EEE3FA600FA0A62 /* RSwift Run Script */ = {
			isa = PBXShellScriptBuildPhase;
			buildActionMask = 2147483647;
			files = (
			);
			inputPaths = (
			);
			name = "RSwift Run Script";
			outputPaths = (
			);
			runOnlyForDeploymentPostprocessing = 0;
			shellPath = /bin/sh;
			shellScript = "\"$SRCROOT/rswift\" \"$SRCROOT\"";
		};
		23895AAD1EE69422008EDD29 /* SwiftLint Run Script */ = {
			isa = PBXShellScriptBuildPhase;
			buildActionMask = 2147483647;
			files = (
			);
			inputPaths = (
			);
			name = "SwiftLint Run Script";
			outputPaths = (
			);
			runOnlyForDeploymentPostprocessing = 0;
			shellPath = /bin/sh;
			shellScript = "if which swiftlint >/dev/null; then\nswiftlint\nelse\necho \"SwiftLint does not exist, download from https://github.com/realm/SwiftLint\"\nfi";
		};
/* End PBXShellScriptBuildPhase section */

/* Begin PBXSourcesBuildPhase section */
		23EB3D801EE4FF140038B49C /* Sources */ = {
			isa = PBXSourcesBuildPhase;
			buildActionMask = 2147483647;
			files = (
				23EB3D9A1EE50C740038B49C /* ListBooksViewController.swift in Sources */,
				231B23901EE6BEDA004C3221 /* AddBookViewController.swift in Sources */,
				233EFCC51EEF8B0B00EEB8A7 /* UIControlExtention.swift in Sources */,
				231B69A41EEA8017006F2CBD /* FileAttachHelper.swift in Sources */,
				23EB3E981EE5574D0038B49C /* AccountViewController.swift in Sources */,
				235B0DA91EE66D510007BB69 /* Book.swift in Sources */,
				235B0DAC1EE673700007BB69 /* BookTableViewCell.swift in Sources */,
				2328F59B1EEE402A00FA0A62 /* R.generated.swift in Sources */,
				233EFCCF1EEFC10F00EEB8A7 /* FileAttachable.swift in Sources */,
				23EB3D8A1EE4FF140038B49C /* LoginViewController.swift in Sources */,
				23EB3D881EE4FF140038B49C /* AppDelegate.swift in Sources */,
				231B23921EE6BF03004C3221 /* EditBookViewController.swift in Sources */,
				231B69A31EEA8017006F2CBD /* DatePickerHelper.swift in Sources */,
				23CAD1D11EE9346100C27108 /* TabViewController.swift in Sources */,
				23EB3E961EE5562E0038B49C /* SettingViewController.swift in Sources */,
				2328F5AE1EEEA1C300FA0A62 /* Const.swift in Sources */,
			);
			runOnlyForDeploymentPostprocessing = 0;
		};
/* End PBXSourcesBuildPhase section */

/* Begin PBXVariantGroup section */
		233EFCD21EEFC51C00EEB8A7 /* Localizable.strings */ = {
			isa = PBXVariantGroup;
			children = (
				233EFCD31EEFC51C00EEB8A7 /* Base */,
				233EFCD51EEFC85500EEB8A7 /* ja */,
			);
			name = Localizable.strings;
			path = ..;
			sourceTree = "<group>";
		};
		23EB3D8B1EE4FF140038B49C /* Main.storyboard */ = {
			isa = PBXVariantGroup;
			children = (
				23EB3D8C1EE4FF140038B49C /* Base */,
				233EFCD01EEFC48200EEB8A7 /* ja */,
			);
			name = Main.storyboard;
			sourceTree = "<group>";
		};
		23EB3D901EE4FF140038B49C /* LaunchScreen.storyboard */ = {
			isa = PBXVariantGroup;
			children = (
				23EB3D911EE4FF140038B49C /* Base */,
				233EFCD11EEFC48200EEB8A7 /* ja */,
			);
			name = LaunchScreen.storyboard;
			sourceTree = "<group>";
		};
/* End PBXVariantGroup section */

/* Begin XCBuildConfiguration section */
		23EB3D941EE4FF140038B49C /* Debug */ = {
			isa = XCBuildConfiguration;
			buildSettings = {
				ALWAYS_SEARCH_USER_PATHS = NO;
				CLANG_ANALYZER_LOCALIZABILITY_NONLOCALIZED = YES;
				CLANG_ANALYZER_NONNULL = YES;
				CLANG_ANALYZER_NUMBER_OBJECT_CONVERSION = YES_AGGRESSIVE;
				CLANG_CXX_LANGUAGE_STANDARD = "gnu++0x";
				CLANG_CXX_LIBRARY = "libc++";
				CLANG_ENABLE_MODULES = YES;
				CLANG_ENABLE_OBJC_ARC = YES;
				CLANG_WARN_BOOL_CONVERSION = YES;
				CLANG_WARN_CONSTANT_CONVERSION = YES;
				CLANG_WARN_DIRECT_OBJC_ISA_USAGE = YES_ERROR;
				CLANG_WARN_DOCUMENTATION_COMMENTS = YES;
				CLANG_WARN_EMPTY_BODY = YES;
				CLANG_WARN_ENUM_CONVERSION = YES;
				CLANG_WARN_INFINITE_RECURSION = YES;
				CLANG_WARN_INT_CONVERSION = YES;
				CLANG_WARN_OBJC_ROOT_CLASS = YES_ERROR;
				CLANG_WARN_SUSPICIOUS_MOVE = YES;
				CLANG_WARN_UNREACHABLE_CODE = YES;
				CLANG_WARN__DUPLICATE_METHOD_MATCH = YES;
				"CODE_SIGN_IDENTITY[sdk=iphoneos*]" = "iPhone Developer";
				COPY_PHASE_STRIP = NO;
				DEBUG_INFORMATION_FORMAT = dwarf;
				ENABLE_STRICT_OBJC_MSGSEND = YES;
				ENABLE_TESTABILITY = YES;
				GCC_C_LANGUAGE_STANDARD = gnu99;
				GCC_DYNAMIC_NO_PIC = NO;
				GCC_NO_COMMON_BLOCKS = YES;
				GCC_OPTIMIZATION_LEVEL = 0;
				GCC_PREPROCESSOR_DEFINITIONS = (
					"DEBUG=1",
					"$(inherited)",
				);
				GCC_WARN_64_TO_32_BIT_CONVERSION = YES;
				GCC_WARN_ABOUT_RETURN_TYPE = YES_ERROR;
				GCC_WARN_UNDECLARED_SELECTOR = YES;
				GCC_WARN_UNINITIALIZED_AUTOS = YES_AGGRESSIVE;
				GCC_WARN_UNUSED_FUNCTION = YES;
				GCC_WARN_UNUSED_VARIABLE = YES;
				IPHONEOS_DEPLOYMENT_TARGET = 10.3;
				MTL_ENABLE_DEBUG_INFO = YES;
				ONLY_ACTIVE_ARCH = YES;
				SDKROOT = iphoneos;
				SWIFT_ACTIVE_COMPILATION_CONDITIONS = DEBUG;
				SWIFT_OPTIMIZATION_LEVEL = "-Onone";
				TARGETED_DEVICE_FAMILY = "1,2";
			};
			name = Debug;
		};
		23EB3D951EE4FF140038B49C /* Release */ = {
			isa = XCBuildConfiguration;
			buildSettings = {
				ALWAYS_SEARCH_USER_PATHS = NO;
				CLANG_ANALYZER_LOCALIZABILITY_NONLOCALIZED = YES;
				CLANG_ANALYZER_NONNULL = YES;
				CLANG_ANALYZER_NUMBER_OBJECT_CONVERSION = YES_AGGRESSIVE;
				CLANG_CXX_LANGUAGE_STANDARD = "gnu++0x";
				CLANG_CXX_LIBRARY = "libc++";
				CLANG_ENABLE_MODULES = YES;
				CLANG_ENABLE_OBJC_ARC = YES;
				CLANG_WARN_BOOL_CONVERSION = YES;
				CLANG_WARN_CONSTANT_CONVERSION = YES;
				CLANG_WARN_DIRECT_OBJC_ISA_USAGE = YES_ERROR;
				CLANG_WARN_DOCUMENTATION_COMMENTS = YES;
				CLANG_WARN_EMPTY_BODY = YES;
				CLANG_WARN_ENUM_CONVERSION = YES;
				CLANG_WARN_INFINITE_RECURSION = YES;
				CLANG_WARN_INT_CONVERSION = YES;
				CLANG_WARN_OBJC_ROOT_CLASS = YES_ERROR;
				CLANG_WARN_SUSPICIOUS_MOVE = YES;
				CLANG_WARN_UNREACHABLE_CODE = YES;
				CLANG_WARN__DUPLICATE_METHOD_MATCH = YES;
				"CODE_SIGN_IDENTITY[sdk=iphoneos*]" = "iPhone Developer";
				COPY_PHASE_STRIP = NO;
				DEBUG_INFORMATION_FORMAT = "dwarf-with-dsym";
				ENABLE_NS_ASSERTIONS = NO;
				ENABLE_STRICT_OBJC_MSGSEND = YES;
				GCC_C_LANGUAGE_STANDARD = gnu99;
				GCC_NO_COMMON_BLOCKS = YES;
				GCC_WARN_64_TO_32_BIT_CONVERSION = YES;
				GCC_WARN_ABOUT_RETURN_TYPE = YES_ERROR;
				GCC_WARN_UNDECLARED_SELECTOR = YES;
				GCC_WARN_UNINITIALIZED_AUTOS = YES_AGGRESSIVE;
				GCC_WARN_UNUSED_FUNCTION = YES;
				GCC_WARN_UNUSED_VARIABLE = YES;
				IPHONEOS_DEPLOYMENT_TARGET = 10.3;
				MTL_ENABLE_DEBUG_INFO = NO;
				SDKROOT = iphoneos;
				SWIFT_OPTIMIZATION_LEVEL = "-Owholemodule";
				TARGETED_DEVICE_FAMILY = "1,2";
				VALIDATE_PRODUCT = YES;
			};
			name = Release;
		};
		23EB3D971EE4FF140038B49C /* Debug */ = {
			isa = XCBuildConfiguration;
			buildSettings = {
				ASSETCATALOG_COMPILER_APPICON_NAME = AppIcon;
				DEVELOPMENT_TEAM = 9FRH8X6ZFY;
				FRAMEWORK_SEARCH_PATHS = (
					"$(inherited)",
					"$(PROJECT_DIR)/Carthage/Build/iOS",
				);
				INFOPLIST_FILE = BookManager/Info.plist;
				LD_RUNPATH_SEARCH_PATHS = "$(inherited) @executable_path/Frameworks";
				PRODUCT_BUNDLE_IDENTIFIER = com.caraquri.hatamoto.BookManager;
				PRODUCT_NAME = "$(TARGET_NAME)";
				SWIFT_VERSION = 3.0;
			};
			name = Debug;
		};
		23EB3D981EE4FF140038B49C /* Release */ = {
			isa = XCBuildConfiguration;
			buildSettings = {
				ASSETCATALOG_COMPILER_APPICON_NAME = AppIcon;
				DEVELOPMENT_TEAM = 9FRH8X6ZFY;
				FRAMEWORK_SEARCH_PATHS = (
					"$(inherited)",
					"$(PROJECT_DIR)/Carthage/Build/iOS",
				);
				INFOPLIST_FILE = BookManager/Info.plist;
				LD_RUNPATH_SEARCH_PATHS = "$(inherited) @executable_path/Frameworks";
				PRODUCT_BUNDLE_IDENTIFIER = com.caraquri.hatamoto.BookManager;
				PRODUCT_NAME = "$(TARGET_NAME)";
				SWIFT_VERSION = 3.0;
			};
			name = Release;
		};
/* End XCBuildConfiguration section */

/* Begin XCConfigurationList section */
		23EB3D7F1EE4FF140038B49C /* Build configuration list for PBXProject "BookManager" */ = {
			isa = XCConfigurationList;
			buildConfigurations = (
				23EB3D941EE4FF140038B49C /* Debug */,
				23EB3D951EE4FF140038B49C /* Release */,
			);
			defaultConfigurationIsVisible = 0;
			defaultConfigurationName = Release;
		};
		23EB3D961EE4FF140038B49C /* Build configuration list for PBXNativeTarget "BookManager" */ = {
			isa = XCConfigurationList;
			buildConfigurations = (
				23EB3D971EE4FF140038B49C /* Debug */,
				23EB3D981EE4FF140038B49C /* Release */,
			);
			defaultConfigurationIsVisible = 0;
			defaultConfigurationName = Release;
		};
/* End XCConfigurationList section */
	};
	rootObject = 23EB3D7C1EE4FF140038B49C /* Project object */;
}
